
Microsoft Visual Studio Solution File, Format Version 12.00
# Visual Studio Version 16
VisualStudioVersion = 16.0.33927.289
MinimumVisualStudioVersion = 10.0.40219.1
Project("{FAE04EC0-301F-11D3-BF4B-00C04F79EFBC}") = "RDPClientApplication", "RDPClientApplication.csproj", "{4D155BD0-D754-4F40-8AEB-DCBC793B5869}"
EndProject
Global
	GlobalSection(SolutionConfigurationPlatforms) = preSolution
		Debug|Any CPU = Debug|Any CPU
		Release|Any CPU = Release|Any CPU
	EndGlobalSection
	GlobalSection(ProjectConfigurationPlatforms) = postSolution
		{4D155BD0-D754-4F40-8AEB-DCBC793B5869}.Debug|Any CPU.ActiveCfg = Debug|Any CPU
		{4D155BD0-D754-4F40-8AEB-DCBC793B5869}.Debug|Any CPU.Build.0 = Debug|Any CPU
		{4D155BD0-D754-4F40-8AEB-DCBC793B5869}.Release|Any CPU.ActiveCfg = Release|Any CPU
		{4D155BD0-D754-4F40-8AEB-DCBC793B5869}.Release|Any CPU.Build.0 = Release|Any CPU
	EndGlobalSection
	GlobalSection(SolutionProperties) = preSolution
		HideSolutionNode = FALSE
	EndGlobalSection
	GlobalSection(ExtensibilityGlobals) = postSolution
		SolutionGuid = {C708CB8A-3698-4639-9895-65461E6F413C}
	EndGlobalSection
EndGlobal
